Microsoft Visual Studio Solution File, Format Version 12.00
# Visual Studio 2012
Project("{FAE04EC0-301F-11D3-BF4B-00C04F79EFBC}") = "gravity-vaporwave-speed-game", "gravity-vaporwave-speed-game.csproj", "{7C8A37F7-FDDA-4846-B597-A31447E35FFF}"
EndProject
Global
	GlobalSection(SolutionConfigurationPlatforms) = preSolution
	Debug|Any CPU = Debug|Any CPU
	ExportDebug|Any CPU = ExportDebug|Any CPU
	ExportRelease|Any CPU = ExportRelease|Any CPU
	EndGlobalSection
	GlobalSection(ProjectConfigurationPlatforms) = postSolution
		{7C8A37F7-FDDA-4846-B597-A31447E35FFF}.Debug|Any CPU.ActiveCfg = Debug|Any CPU
		{7C8A37F7-FDDA-4846-B597-A31447E35FFF}.Debug|Any CPU.Build.0 = Debug|Any CPU
		{7C8A37F7-FDDA-4846-B597-A31447E35FFF}.ExportDebug|Any CPU.ActiveCfg = ExportDebug|Any CPU
		{7C8A37F7-FDDA-4846-B597-A31447E35FFF}.ExportDebug|Any CPU.Build.0 = ExportDebug|Any CPU
		{7C8A37F7-FDDA-4846-B597-A31447E35FFF}.ExportRelease|Any CPU.ActiveCfg = ExportRelease|Any CPU
		{7C8A37F7-FDDA-4846-B597-A31447E35FFF}.ExportRelease|Any CPU.Build.0 = ExportRelease|Any CPU
	EndGlobalSection
EndGlobal
